// !$*UTF8*$!
{
	archiveVersion = 1;
	classes = {
	};
	objectVersion = 51;
	objects = {

/* Begin PBXBuildFile section */
		490060C7CE20A271BE796330 /* Pods_AppEventTest.framework in Frameworks */ = {isa = PBXBuildFile; fileRef = 18D07279A7F84CC89F49A4AD /* Pods_AppEventTest.framework */; };
		49B69B33247B0DBC00F0C8F0 /* AppDelegate.swift in Sources */ = {isa = PBXBuildFile; fileRef = 49B69B32247B0DBC00F0C8F0 /* AppDelegate.swift */; };
		49B69B35247B0DBC00F0C8F0 /* SceneDelegate.swift in Sources */ = {isa = PBXBuildFile; fileRef = 49B69B34247B0DBC00F0C8F0 /* SceneDelegate.swift */; };
		49B69B3A247B0DBC00F0C8F0 /* Main.storyboard in Resources */ = {isa = PBXBuildFile; fileRef = 49B69B38247B0DBC00F0C8F0 /* Main.storyboard */; };
		49B69B3D247B0DBC00F0C8F0 /* AppEventTest.xcdatamodeld in Sources */ = {isa = PBXBuildFile; fileRef = 49B69B3B247B0DBC00F0C8F0 /* AppEventTest.xcdatamodeld */; };
		49B69B3F247B0DBF00F0C8F0 /* Assets.xcassets in Resources */ = {isa = PBXBuildFile; fileRef = 49B69B3E247B0DBF00F0C8F0 /* Assets.xcassets */; };
		49B69B42247B0DBF00F0C8F0 /* LaunchScreen.storyboard in Resources */ = {isa = PBXBuildFile; fileRef = 49B69B40247B0DBF00F0C8F0 /* LaunchScreen.storyboard */; };
		49B69B4D247B0E8600F0C8F0 /* EventListModel.swift in Sources */ = {isa = PBXBuildFile; fileRef = 49B69B4C247B0E8600F0C8F0 /* EventListModel.swift */; };
		49B69B50247B0F7500F0C8F0 /* Event.swift in Sources */ = {isa = PBXBuildFile; fileRef = 49B69B4F247B0F7500F0C8F0 /* Event.swift */; };
		49B69B54247B10CA00F0C8F0 /* BaseService.swift in Sources */ = {isa = PBXBuildFile; fileRef = 49B69B53247B10CA00F0C8F0 /* BaseService.swift */; };
		49B69B56247B163100F0C8F0 /* EventListViewModel.swift in Sources */ = {isa = PBXBuildFile; fileRef = 49B69B55247B163100F0C8F0 /* EventListViewModel.swift */; };
		49B69B58247B23C400F0C8F0 /* Enums.swift in Sources */ = {isa = PBXBuildFile; fileRef = 49B69B57247B23C400F0C8F0 /* Enums.swift */; };
		49B69B5A247B24DD00F0C8F0 /* EventListViewController.swift in Sources */ = {isa = PBXBuildFile; fileRef = 49B69B59247B24DD00F0C8F0 /* EventListViewController.swift */; };
/* End PBXBuildFile section */

/* Begin PBXFileReference section */
		18D07279A7F84CC89F49A4AD /* Pods_AppEventTest.framework */ = {isa = PBXFileReference; explicitFileType = wrapper.framework; includeInIndex = 0; path = Pods_AppEventTest.framework; sourceTree = BUILT_PRODUCTS_DIR; };
		49B69B2F247B0DBC00F0C8F0 /* AppEventTest.app */ = {isa = PBXFileReference; explicitFileType = wrapper.application; includeInIndex = 0; path = AppEventTest.app; sourceTree = BUILT_PRODUCTS_DIR; };
		49B69B32247B0DBC00F0C8F0 /* AppDelegate.swift */ = {isa = PBXFileReference; lastKnownFileType = sourcecode.swift; path = AppDelegate.swift; sourceTree = "<group>"; };
		49B69B34247B0DBC00F0C8F0 /* SceneDelegate.swift */ = {isa = PBXFileReference; lastKnownFileType = sourcecode.swift; path = SceneDelegate.swift; sourceTree = "<group>"; };
		49B69B39247B0DBC00F0C8F0 /* Base */ = {isa = PBXFileReference; lastKnownFileType = file.storyboard; name = Base; path = Base.lproj/Main.storyboard; sourceTree = "<group>"; };
		49B69B3C247B0DBC00F0C8F0 /* AppEventTest.xcdatamodel */ = {isa = PBXFileReference; lastKnownFileType = wrapper.xcdatamodel; path = AppEventTest.xcdatamodel; sourceTree = "<group>"; };
		49B69B3E247B0DBF00F0C8F0 /* Assets.xcassets */ = {isa = PBXFileReference; lastKnownFileType = folder.assetcatalog; path = Assets.xcassets; sourceTree = "<group>"; };
		49B69B41247B0DBF00F0C8F0 /* Base */ = {isa = PBXFileReference; lastKnownFileType = file.storyboard; name = Base; path = Base.lproj/LaunchScreen.storyboard; sourceTree = "<group>"; };
		49B69B43247B0DBF00F0C8F0 /* Info.plist */ = {isa = PBXFileReference; lastKnownFileType = text.plist.xml; path = Info.plist; sourceTree = "<group>"; };
		49B69B4C247B0E8600F0C8F0 /* EventListModel.swift */ = {isa = PBXFileReference; lastKnownFileType = sourcecode.swift; path = EventListModel.swift; sourceTree = "<group>"; };
		49B69B4F247B0F7500F0C8F0 /* Event.swift */ = {isa = PBXFileReference; lastKnownFileType = sourcecode.swift; path = Event.swift; sourceTree = "<group>"; };
		49B69B53247B10CA00F0C8F0 /* BaseService.swift */ = {isa = PBXFileReference; lastKnownFileType = sourcecode.swift; path = BaseService.swift; sourceTree = "<group>"; };
		49B69B55247B163100F0C8F0 /* EventListViewModel.swift */ = {isa = PBXFileReference; lastKnownFileType = sourcecode.swift; path = EventListViewModel.swift; sourceTree = "<group>"; };
		49B69B57247B23C400F0C8F0 /* Enums.swift */ = {isa = PBXFileReference; lastKnownFileType = sourcecode.swift; path = Enums.swift; sourceTree = "<group>"; };
		49B69B59247B24DD00F0C8F0 /* EventListViewController.swift */ = {isa = PBXFileReference; lastKnownFileType = sourcecode.swift; path = EventListViewController.swift; sourceTree = "<group>"; };
		4F467A054C17C4624F704096 /* Pods-AppEventTest.debug.xcconfig */ = {isa = PBXFileReference; includeInIndex = 1; lastKnownFileType = text.xcconfig; name = "Pods-AppEventTest.debug.xcconfig"; path = "Target Support Files/Pods-AppEventTest/Pods-AppEventTest.debug.xcconfig"; sourceTree = "<group>"; };
		CE4E46CF4995C23C677EA18F /* Pods-AppEventTest.release.xcconfig */ = {isa = PBXFileReference; includeInIndex = 1; lastKnownFileType = text.xcconfig; name = "Pods-AppEventTest.release.xcconfig"; path = "Target Support Files/Pods-AppEventTest/Pods-AppEventTest.release.xcconfig"; sourceTree = "<group>"; };
/* End PBXFileReference section */

/* Begin PBXFrameworksBuildPhase section */
		49B69B2C247B0DBC00F0C8F0 /* Frameworks */ = {
			isa = PBXFrameworksBuildPhase;
			buildActionMask = 2147483647;
			files = (
				490060C7CE20A271BE796330 /* Pods_AppEventTest.framework in Frameworks */,
			);
			runOnlyForDeploymentPostprocessing = 0;
		};
/* End PBXFrameworksBuildPhase section */

/* Begin PBXGroup section */
		182620CE94409BFBB660D614 /* Pods */ = {
			isa = PBXGroup;
			children = (
				4F467A054C17C4624F704096 /* Pods-AppEventTest.debug.xcconfig */,
				CE4E46CF4995C23C677EA18F /* Pods-AppEventTest.release.xcconfig */,
			);
			path = Pods;
			sourceTree = "<group>";
		};
		49B69B26247B0DBC00F0C8F0 = {
			isa = PBXGroup;
			children = (
				49B69B31247B0DBC00F0C8F0 /* AppEventTest */,
				49B69B30247B0DBC00F0C8F0 /* Products */,
				182620CE94409BFBB660D614 /* Pods */,
				D0E9CE1180EBCED7FFFE09E5 /* Frameworks */,
			);
			sourceTree = "<group>";
		};
		49B69B30247B0DBC00F0C8F0 /* Products */ = {
			isa = PBXGroup;
			children = (
				49B69B2F247B0DBC00F0C8F0 /* AppEventTest.app */,
			);
			name = Products;
			sourceTree = "<group>";
		};
		49B69B31247B0DBC00F0C8F0 /* AppEventTest */ = {
			isa = PBXGroup;
			children = (
				49B69B51247B10B000F0C8F0 /* Common */,
				49B69B4A247B0E2800F0C8F0 /* Modules */,
				49B69B49247B0DF300F0C8F0 /* Application */,
				49B69B38247B0DBC00F0C8F0 /* Main.storyboard */,
			);
			path = AppEventTest;
			sourceTree = "<group>";
		};
		49B69B49247B0DF300F0C8F0 /* Application */ = {
			isa = PBXGroup;
			children = (
				49B69B32247B0DBC00F0C8F0 /* AppDelegate.swift */,
				49B69B34247B0DBC00F0C8F0 /* SceneDelegate.swift */,
				49B69B3E247B0DBF00F0C8F0 /* Assets.xcassets */,
				49B69B40247B0DBF00F0C8F0 /* LaunchScreen.storyboard */,
				49B69B43247B0DBF00F0C8F0 /* Info.plist */,
				49B69B3B247B0DBC00F0C8F0 /* AppEventTest.xcdatamodeld */,
			);
			path = Application;
			sourceTree = "<group>";
		};
		49B69B4A247B0E2800F0C8F0 /* Modules */ = {
			isa = PBXGroup;
			children = (
				49B69B4B247B0E4600F0C8F0 /* EventList */,
			);
			path = Modules;
			sourceTree = "<group>";
		};
		49B69B4B247B0E4600F0C8F0 /* EventList */ = {
			isa = PBXGroup;
			children = (
				49B69B59247B24DD00F0C8F0 /* EventListViewController.swift */,
				49B69B55247B163100F0C8F0 /* EventListViewModel.swift */,
				49B69B4C247B0E8600F0C8F0 /* EventListModel.swift */,
			);
			path = EventList;
			sourceTree = "<group>";
		};
		49B69B4E247B0F4E00F0C8F0 /* Entities */ = {
			isa = PBXGroup;
			children = (
				49B69B4F247B0F7500F0C8F0 /* Event.swift */,
			);
			path = Entities;
			sourceTree = "<group>";
		};
		49B69B51247B10B000F0C8F0 /* Common */ = {
			isa = PBXGroup;
			children = (
				49B69B52247B10BB00F0C8F0 /* Base */,
				49B69B4E247B0F4E00F0C8F0 /* Entities */,
				49B69B57247B23C400F0C8F0 /* Enums.swift */,
			);
			path = Common;
			sourceTree = "<group>";
		};
		49B69B52247B10BB00F0C8F0 /* Base */ = {
			isa = PBXGroup;
			children = (
				49B69B53247B10CA00F0C8F0 /* BaseService.swift */,
			);
			path = Base;
			sourceTree = "<group>";
		};
		D0E9CE1180EBCED7FFFE09E5 /* Frameworks */ = {
			isa = PBXGroup;
			children = (
				18D07279A7F84CC89F49A4AD /* Pods_AppEventTest.framework */,
			);
			name = Frameworks;
			sourceTree = "<group>";
		};
/* End PBXGroup section */

/* Begin PBXNativeTarget section */
		49B69B2E247B0DBC00F0C8F0 /* AppEventTest */ = {
			isa = PBXNativeTarget;
			buildConfigurationList = 49B69B46247B0DBF00F0C8F0 /* Build configuration list for PBXNativeTarget "AppEventTest" */;
			buildPhases = (
				3FCAAD8863326687F7EA7F1F /* [CP] Check Pods Manifest.lock */,
				49B69B2B247B0DBC00F0C8F0 /* Sources */,
				49B69B2C247B0DBC00F0C8F0 /* Frameworks */,
				49B69B2D247B0DBC00F0C8F0 /* Resources */,
				E71C4171C8B845C68A8DD752 /* [CP] Embed Pods Frameworks */,
			);
			buildRules = (
			);
			dependencies = (
			);
			name = AppEventTest;
			productName = AppEventTest;
			productReference = 49B69B2F247B0DBC00F0C8F0 /* AppEventTest.app */;
			productType = "com.apple.product-type.application";
		};
/* End PBXNativeTarget section */

/* Begin PBXProject section */
		49B69B27247B0DBC00F0C8F0 /* Project object */ = {
			isa = PBXProject;
			attributes = {
				LastSwiftUpdateCheck = 1130;
				LastUpgradeCheck = 1130;
				ORGANIZATIONNAME = "Fabio Lindemberg";
				TargetAttributes = {
					49B69B2E247B0DBC00F0C8F0 = {
						CreatedOnToolsVersion = 11.3.1;
					};
				};
			};
			buildConfigurationList = 49B69B2A247B0DBC00F0C8F0 /* Build configuration list for PBXProject "AppEventTest" */;
			compatibilityVersion = "Xcode 9.3";
			developmentRegion = en;
			hasScannedForEncodings = 0;
			knownRegions = (
				en,
				Base,
			);
			mainGroup = 49B69B26247B0DBC00F0C8F0;
			productRefGroup = 49B69B30247B0DBC00F0C8F0 /* Products */;
			projectDirPath = "";
			projectRoot = "";
			targets = (
				49B69B2E247B0DBC00F0C8F0 /* AppEventTest */,
			);
		};
/* End PBXProject section */

/* Begin PBXResourcesBuildPhase section */
		49B69B2D247B0DBC00F0C8F0 /* Resources */ = {
			isa = PBXResourcesBuildPhase;
			buildActionMask = 2147483647;
			files = (
				49B69B42247B0DBF00F0C8F0 /* LaunchScreen.storyboard in Resources */,
				49B69B3F247B0DBF00F0C8F0 /* Assets.xcassets in Resources */,
				49B69B3A247B0DBC00F0C8F0 /* Main.storyboard in Resources */,
			);
			runOnlyForDeploymentPostprocessing = 0;
		};
/* End PBXResourcesBuildPhase section */

/* Begin PBXShellScriptBuildPhase section */
		3FCAAD8863326687F7EA7F1F /* [CP] Check Pods Manifest.lock */ = {
			isa = PBXShellScriptBuildPhase;
			buildActionMask = 2147483647;
			files = (
			);
			inputFileListPaths = (
			);
			inputPaths = (
				"${PODS_PODFILE_DIR_PATH}/Podfile.lock",
				"${PODS_ROOT}/Manifest.lock",
			);
			name = "[CP] Check Pods Manifest.lock";
			outputFileListPaths = (
			);
			outputPaths = (
				"$(DERIVED_FILE_DIR)/Pods-AppEventTest-checkManifestLockResult.txt",
			);
			runOnlyForDeploymentPostprocessing = 0;
			shellPath = /bin/sh;
			shellScript = "diff \"${PODS_PODFILE_DIR_PATH}/Podfile.lock\" \"${PODS_ROOT}/Manifest.lock\" > /dev/null\nif [ $? != 0 ] ; then\n    # print error to STDERR\n    echo \"error: The sandbox is not in sync with the Podfile.lock. Run 'pod install' or update your CocoaPods installation.\" >&2\n    exit 1\nfi\n# This output is used by Xcode 'outputs' to avoid re-running this script phase.\necho \"SUCCESS\" > \"${SCRIPT_OUTPUT_FILE_0}\"\n";
			showEnvVarsInLog = 0;
		};
		E71C4171C8B845C68A8DD752 /* [CP] Embed Pods Frameworks */ = {
			isa = PBXShellScriptBuildPhase;
			buildActionMask = 2147483647;
			files = (
			);
			inputFileListPaths = (
				"${PODS_ROOT}/Target Support Files/Pods-AppEventTest/Pods-AppEventTest-frameworks-${CONFIGURATION}-input-files.xcfilelist",
			);
			name = "[CP] Embed Pods Frameworks";
			outputFileListPaths = (
				"${PODS_ROOT}/Target Support Files/Pods-AppEventTest/Pods-AppEventTest-frameworks-${CONFIGURATION}-output-files.xcfilelist",
			);
			runOnlyForDeploymentPostprocessing = 0;
			shellPath = /bin/sh;
			shellScript = "\"${PODS_ROOT}/Target Support Files/Pods-AppEventTest/Pods-AppEventTest-frameworks.sh\"\n";
			showEnvVarsInLog = 0;
		};
/* End PBXShellScriptBuildPhase section */

/* Begin PBXSourcesBuildPhase section */
		49B69B2B247B0DBC00F0C8F0 /* Sources */ = {
			isa = PBXSourcesBuildPhase;
			buildActionMask = 2147483647;
			files = (
				49B69B3D247B0DBC00F0C8F0 /* AppEventTest.xcdatamodeld in Sources */,
				49B69B33247B0DBC00F0C8F0 /* AppDelegate.swift in Sources */,
				49B69B4D247B0E8600F0C8F0 /* EventListModel.swift in Sources */,
				49B69B54247B10CA00F0C8F0 /* BaseService.swift in Sources */,
				49B69B5A247B24DD00F0C8F0 /* EventListViewController.swift in Sources */,
				49B69B56247B163100F0C8F0 /* EventListViewModel.swift in Sources */,
				49B69B50247B0F7500F0C8F0 /* Event.swift in Sources */,
				49B69B58247B23C400F0C8F0 /* Enums.swift in Sources */,
				49B69B35247B0DBC00F0C8F0 /* SceneDelegate.swift in Sources */,
			);
			runOnlyForDeploymentPostprocessing = 0;
		};
/* End PBXSourcesBuildPhase section */

/* Begin PBXVariantGroup section */
		49B69B38247B0DBC00F0C8F0 /* Main.storyboard */ = {
			isa = PBXVariantGroup;
			children = (
				49B69B39247B0DBC00F0C8F0 /* Base */,
			);
			name = Main.storyboard;
			sourceTree = "<group>";
		};
		49B69B40247B0DBF00F0C8F0 /* LaunchScreen.storyboard */ = {
			isa = PBXVariantGroup;
			children = (
				49B69B41247B0DBF00F0C8F0 /* Base */,
			);
			name = LaunchScreen.storyboard;
			sourceTree = "<group>";
		};
/* End PBXVariantGroup section */

/* Begin XCBuildConfiguration section */
		49B69B44247B0DBF00F0C8F0 /* Debug */ = {
			isa = XCBuildConfiguration;
			buildSettings = {
				ALWAYS_SEARCH_USER_PATHS = NO;
				CLANG_ANALYZER_NONNULL = YES;
				CLANG_ANALYZER_NUMBER_OBJECT_CONVERSION = YES_AGGRESSIVE;
				CLANG_CXX_LANGUAGE_STANDARD = "gnu++14";
				CLANG_CXX_LIBRARY = "libc++";
				CLANG_ENABLE_MODULES = YES;
				CLANG_ENABLE_OBJC_ARC = YES;
				CLANG_ENABLE_OBJC_WEAK = YES;
				CLANG_WARN_BLOCK_CAPTURE_AUTORELEASING = YES;
				CLANG_WARN_BOOL_CONVERSION = YES;
				CLANG_WARN_COMMA = YES;
				CLANG_WARN_CONSTANT_CONVERSION = YES;
				CLANG_WARN_DEPRECATED_OBJC_IMPLEMENTATIONS = YES;
				CLANG_WARN_DIRECT_OBJC_ISA_USAGE = YES_ERROR;
				CLANG_WARN_DOCUMENTATION_COMMENTS = YES;
				CLANG_WARN_EMPTY_BODY = YES;
				CLANG_WARN_ENUM_CONVERSION = YES;
				CLANG_WARN_INFINITE_RECURSION = YES;
				CLANG_WARN_INT_CONVERSION = YES;
				CLANG_WARN_NON_LITERAL_NULL_CONVERSION = YES;
				CLANG_WARN_OBJC_IMPLICIT_RETAIN_SELF = YES;
				CLANG_WARN_OBJC_LITERAL_CONVERSION = YES;
				CLANG_WARN_OBJC_ROOT_CLASS = YES_ERROR;
				CLANG_WARN_RANGE_LOOP_ANALYSIS = YES;
				CLANG_WARN_STRICT_PROTOTYPES = YES;
				CLANG_WARN_SUSPICIOUS_MOVE = YES;
				CLANG_WARN_UNGUARDED_AVAILABILITY = YES_AGGRESSIVE;
				CLANG_WARN_UNREACHABLE_CODE = YES;
				CLANG_WARN__DUPLICATE_METHOD_MATCH = YES;
				COPY_PHASE_STRIP = NO;
				DEBUG_INFORMATION_FORMAT = dwarf;
				ENABLE_STRICT_OBJC_MSGSEND = YES;
				ENABLE_TESTABILITY = YES;
				GCC_C_LANGUAGE_STANDARD = gnu11;
				GCC_DYNAMIC_NO_PIC = NO;
				GCC_NO_COMMON_BLOCKS = YES;
				GCC_OPTIMIZATION_LEVEL = 0;
				GCC_PREPROCESSOR_DEFINITIONS = (
					"DEBUG=1",
					"$(inherited)",
				);
				GCC_WARN_64_TO_32_BIT_CONVERSION = YES;
				GCC_WARN_ABOUT_RETURN_TYPE = YES_ERROR;
				GCC_WARN_UNDECLARED_SELECTOR = YES;
				GCC_WARN_UNINITIALIZED_AUTOS = YES_AGGRESSIVE;
				GCC_WARN_UNUSED_FUNCTION = YES;
				GCC_WARN_UNUSED_VARIABLE = YES;
				IPHONEOS_DEPLOYMENT_TARGET = 13.2;
				MTL_ENABLE_DEBUG_INFO = INCLUDE_SOURCE;
				MTL_FAST_MATH = YES;
				ONLY_ACTIVE_ARCH = YES;
				SDKROOT = iphoneos;
				SWIFT_ACTIVE_COMPILATION_CONDITIONS = DEBUG;
				SWIFT_OPTIMIZATION_LEVEL = "-Onone";
			};
			name = Debug;
		};
		49B69B45247B0DBF00F0C8F0 /* Release */ = {
			isa = XCBuildConfiguration;
			buildSettings = {
				ALWAYS_SEARCH_USER_PATHS = NO;
				CLANG_ANALYZER_NONNULL = YES;
				CLANG_ANALYZER_NUMBER_OBJECT_CONVERSION = YES_AGGRESSIVE;
				CLANG_CXX_LANGUAGE_STANDARD = "gnu++14";
				CLANG_CXX_LIBRARY = "libc++";
				CLANG_ENABLE_MODULES = YES;
				CLANG_ENABLE_OBJC_ARC = YES;
				CLANG_ENABLE_OBJC_WEAK = YES;
				CLANG_WARN_BLOCK_CAPTURE_AUTORELEASING = YES;
				CLANG_WARN_BOOL_CONVERSION = YES;
				CLANG_WARN_COMMA = YES;
				CLANG_WARN_CONSTANT_CONVERSION = YES;
				CLANG_WARN_DEPRECATED_OBJC_IMPLEMENTATIONS = YES;
				CLANG_WARN_DIRECT_OBJC_ISA_USAGE = YES_ERROR;
				CLANG_WARN_DOCUMENTATION_COMMENTS = YES;
				CLANG_WARN_EMPTY_BODY = YES;
				CLANG_WARN_ENUM_CONVERSION = YES;
				CLANG_WARN_INFINITE_RECURSION = YES;
				CLANG_WARN_INT_CONVERSION = YES;
				CLANG_WARN_NON_LITERAL_NULL_CONVERSION = YES;
				CLANG_WARN_OBJC_IMPLICIT_RETAIN_SELF = YES;
				CLANG_WARN_OBJC_LITERAL_CONVERSION = YES;
				CLANG_WARN_OBJC_ROOT_CLASS = YES_ERROR;
				CLANG_WARN_RANGE_LOOP_ANALYSIS = YES;
				CLANG_WARN_STRICT_PROTOTYPES = YES;
				CLANG_WARN_SUSPICIOUS_MOVE = YES;
				CLANG_WARN_UNGUARDED_AVAILABILITY = YES_AGGRESSIVE;
				CLANG_WARN_UNREACHABLE_CODE = YES;
				CLANG_WARN__DUPLICATE_METHOD_MATCH = YES;
				COPY_PHASE_STRIP = NO;
				DEBUG_INFORMATION_FORMAT = "dwarf-with-dsym";
				ENABLE_NS_ASSERTIONS = NO;
				ENABLE_STRICT_OBJC_MSGSEND = YES;
				GCC_C_LANGUAGE_STANDARD = gnu11;
				GCC_NO_COMMON_BLOCKS = YES;
				GCC_WARN_64_TO_32_BIT_CONVERSION = YES;
				GCC_WARN_ABOUT_RETURN_TYPE = YES_ERROR;
				GCC_WARN_UNDECLARED_SELECTOR = YES;
				GCC_WARN_UNINITIALIZED_AUTOS = YES_AGGRESSIVE;
				GCC_WARN_UNUSED_FUNCTION = YES;
				GCC_WARN_UNUSED_VARIABLE = YES;
				IPHONEOS_DEPLOYMENT_TARGET = 13.2;
				MTL_ENABLE_DEBUG_INFO = NO;
				MTL_FAST_MATH = YES;
				SDKROOT = iphoneos;
				SWIFT_COMPILATION_MODE = wholemodule;
				SWIFT_OPTIMIZATION_LEVEL = "-O";
				VALIDATE_PRODUCT = YES;
			};
			name = Release;
		};
		49B69B47247B0DBF00F0C8F0 /* Debug */ = {
			isa = XCBuildConfiguration;
			baseConfigurationReference = 4F467A054C17C4624F704096 /* Pods-AppEventTest.debug.xcconfig */;
			buildSettings = {
				ASSETCATALOG_COMPILER_APPICON_NAME = AppIcon;
				CODE_SIGN_STYLE = Automatic;
				DEVELOPMENT_TEAM = 6PN6V35AZY;
				INFOPLIST_FILE = AppEventTest/Application/Info.plist;
				LD_RUNPATH_SEARCH_PATHS = (
					"$(inherited)",
					"@executable_path/Frameworks",
				);
				PRODUCT_BUNDLE_IDENTIFIER = br.com.fazapp.AppEventTest;
				PRODUCT_NAME = "$(TARGET_NAME)";
				SWIFT_VERSION = 5.0;
				TARGETED_DEVICE_FAMILY = "1,2";
			};
			name = Debug;
		};
		49B69B48247B0DBF00F0C8F0 /* Release */ = {
			isa = XCBuildConfiguration;
			baseConfigurationReference = CE4E46CF4995C23C677EA18F /* Pods-AppEventTest.release.xcconfig */;
			buildSettings = {
				ASSETCATALOG_COMPILER_APPICON_NAME = AppIcon;
				CODE_SIGN_STYLE = Automatic;
				DEVELOPMENT_TEAM = 6PN6V35AZY;
				INFOPLIST_FILE = AppEventTest/Application/Info.plist;
				LD_RUNPATH_SEARCH_PATHS = (
					"$(inherited)",
					"@executable_path/Frameworks",
				);
				PRODUCT_BUNDLE_IDENTIFIER = br.com.fazapp.AppEventTest;
				PRODUCT_NAME = "$(TARGET_NAME)";
				SWIFT_VERSION = 5.0;
				TARGETED_DEVICE_FAMILY = "1,2";
			};
			name = Release;
		};
/* End XCBuildConfiguration section */

/* Begin XCConfigurationList section */
		49B69B2A247B0DBC00F0C8F0 /* Build configuration list for PBXProject "AppEventTest" */ = {
			isa = XCConfigurationList;
			buildConfigurations = (
				49B69B44247B0DBF00F0C8F0 /* Debug */,
				49B69B45247B0DBF00F0C8F0 /* Release */,
			);
			defaultConfigurationIsVisible = 0;
			defaultConfigurationName = Release;
		};
		49B69B46247B0DBF00F0C8F0 /* Build configuration list for PBXNativeTarget "AppEventTest" */ = {
			isa = XCConfigurationList;
			buildConfigurations = (
				49B69B47247B0DBF00F0C8F0 /* Debug */,
				49B69B48247B0DBF00F0C8F0 /* Release */,
			);
			defaultConfigurationIsVisible = 0;
			defaultConfigurationName = Release;
		};
/* End XCConfigurationList section */

/* Begin XCVersionGroup section */
		49B69B3B247B0DBC00F0C8F0 /* AppEventTest.xcdatamodeld */ = {
			isa = XCVersionGroup;
			children = (
				49B69B3C247B0DBC00F0C8F0 /* AppEventTest.xcdatamodel */,
			);
			currentVersion = 49B69B3C247B0DBC00F0C8F0 /* AppEventTest.xcdatamodel */;
			path = AppEventTest.xcdatamodeld;
			sourceTree = "<group>";
			versionGroupType = wrapper.xcdatamodel;
		};
/* End XCVersionGroup section */
	};
	rootObject = 49B69B27247B0DBC00F0C8F0 /* Project object */;
}
